# This file is automatically @generated by Cargo.
# It is not intended for manual editing.
version = 4

[[package]]
name = "RustyPI"
version = "0.1.0"
dependencies = [
 "rustypi-abi",
 "rustypi-core",
]

[[package]]
name = "rustypi-abi"
version = "0.1.0"

[[package]]
name = "rustypi-core"
version = "0.1.0"
dependencies = [
 "rustypi-abi",
]

[[package]]
name = "rustypi-user"
version = "0.1.0"
dependencies = [
 "rustypi-abi",
 "rustypi-core",
]
